// !$*UTF8*$!
{
	archiveVersion = 1;
	classes = {
	};
	objectVersion = 50;
	objects = {

/* Begin PBXBuildFile section */
		E133E93322DBB2DE00CAE9DD /* AppDelegate.swift in Sources */ = {isa = PBXBuildFile; fileRef = E133E93222DBB2DE00CAE9DD /* AppDelegate.swift */; };
		E133E93522DBB2DE00CAE9DD /* ViewController.swift in Sources */ = {isa = PBXBuildFile; fileRef = E133E93422DBB2DE00CAE9DD /* ViewController.swift */; };
		E133E93822DBB2DE00CAE9DD /* Main.storyboard in Resources */ = {isa = PBXBuildFile; fileRef = E133E93622DBB2DE00CAE9DD /* Main.storyboard */; };
		E133E93A22DBB2E800CAE9DD /* Assets.xcassets in Resources */ = {isa = PBXBuildFile; fileRef = E133E93922DBB2E800CAE9DD /* Assets.xcassets */; };
		E133E93D22DBB2E800CAE9DD /* LaunchScreen.storyboard in Resources */ = {isa = PBXBuildFile; fileRef = E133E93B22DBB2E800CAE9DD /* LaunchScreen.storyboard */; };
		E133E94822DBB2E900CAE9DD /* MediaMineTests.swift in Sources */ = {isa = PBXBuildFile; fileRef = E133E94722DBB2E900CAE9DD /* MediaMineTests.swift */; };
		E133E95322DBB2E900CAE9DD /* MediaMineUITests.swift in Sources */ = {isa = PBXBuildFile; fileRef = E133E95222DBB2E900CAE9DD /* MediaMineUITests.swift */; };
		E133E96522DBF2FA00CAE9DD /* Register.swift in Sources */ = {isa = PBXBuildFile; fileRef = E133E96422DBF2FA00CAE9DD /* Register.swift */; };
		E133E96722DC26B200CAE9DD /* Validator.swift in Sources */ = {isa = PBXBuildFile; fileRef = E133E96622DC26B200CAE9DD /* Validator.swift */; };
		E133E96B22DC37CA00CAE9DD /* Login.swift in Sources */ = {isa = PBXBuildFile; fileRef = E133E96A22DC37CA00CAE9DD /* Login.swift */; };
/* End PBXBuildFile section */

/* Begin PBXContainerItemProxy section */
		E133E94422DBB2E900CAE9DD /* PBXContainerItemProxy */ = {
			isa = PBXContainerItemProxy;
			containerPortal = E133E92722DBB2DE00CAE9DD /* Project object */;
			proxyType = 1;
			remoteGlobalIDString = E133E92E22DBB2DE00CAE9DD;
			remoteInfo = MediaMine;
		};
		E133E94F22DBB2E900CAE9DD /* PBXContainerItemProxy */ = {
			isa = PBXContainerItemProxy;
			containerPortal = E133E92722DBB2DE00CAE9DD /* Project object */;
			proxyType = 1;
			remoteGlobalIDString = E133E92E22DBB2DE00CAE9DD;
			remoteInfo = MediaMine;
		};
/* End PBXContainerItemProxy section */

/* Begin PBXFileReference section */
		E133E92F22DBB2DE00CAE9DD /* MediaMine.app */ = {isa = PBXFileReference; explicitFileType = wrapper.application; includeInIndex = 0; path = MediaMine.app; sourceTree = BUILT_PRODUCTS_DIR; };
		E133E93222DBB2DE00CAE9DD /* AppDelegate.swift */ = {isa = PBXFileReference; lastKnownFileType = sourcecode.swift; path = AppDelegate.swift; sourceTree = "<group>"; };
		E133E93422DBB2DE00CAE9DD /* ViewController.swift */ = {isa = PBXFileReference; lastKnownFileType = sourcecode.swift; path = ViewController.swift; sourceTree = "<group>"; };
		E133E93722DBB2DE00CAE9DD /* Base */ = {isa = PBXFileReference; lastKnownFileType = file.storyboard; name = Base; path = Base.lproj/Main.storyboard; sourceTree = "<group>"; };
		E133E93922DBB2E800CAE9DD /* Assets.xcassets */ = {isa = PBXFileReference; lastKnownFileType = folder.assetcatalog; path = Assets.xcassets; sourceTree = "<group>"; };
		E133E93C22DBB2E800CAE9DD /* Base */ = {isa = PBXFileReference; lastKnownFileType = file.storyboard; name = Base; path = Base.lproj/LaunchScreen.storyboard; sourceTree = "<group>"; };
		E133E93E22DBB2E800CAE9DD /* Info.plist */ = {isa = PBXFileReference; lastKnownFileType = text.plist.xml; path = Info.plist; sourceTree = "<group>"; };
		E133E94322DBB2E900CAE9DD /* MediaMineTests.xctest */ = {isa = PBXFileReference; explicitFileType = wrapper.cfbundle; includeInIndex = 0; path = MediaMineTests.xctest; sourceTree = BUILT_PRODUCTS_DIR; };
		E133E94722DBB2E900CAE9DD /* MediaMineTests.swift */ = {isa = PBXFileReference; lastKnownFileType = sourcecode.swift; path = MediaMineTests.swift; sourceTree = "<group>"; };
		E133E94922DBB2E900CAE9DD /* Info.plist */ = {isa = PBXFileReference; lastKnownFileType = text.plist.xml; path = Info.plist; sourceTree = "<group>"; };
		E133E94E22DBB2E900CAE9DD /* MediaMineUITests.xctest */ = {isa = PBXFileReference; explicitFileType = wrapper.cfbundle; includeInIndex = 0; path = MediaMineUITests.xctest; sourceTree = BUILT_PRODUCTS_DIR; };
		E133E95222DBB2E900CAE9DD /* MediaMineUITests.swift */ = {isa = PBXFileReference; lastKnownFileType = sourcecode.swift; path = MediaMineUITests.swift; sourceTree = "<group>"; };
		E133E95422DBB2E900CAE9DD /* Info.plist */ = {isa = PBXFileReference; lastKnownFileType = text.plist.xml; path = Info.plist; sourceTree = "<group>"; };
		E133E96422DBF2FA00CAE9DD /* Register.swift */ = {isa = PBXFileReference; lastKnownFileType = sourcecode.swift; path = Register.swift; sourceTree = "<group>"; };
		E133E96622DC26B200CAE9DD /* Validator.swift */ = {isa = PBXFileReference; lastKnownFileType = sourcecode.swift; path = Validator.swift; sourceTree = "<group>"; };
		E133E96A22DC37CA00CAE9DD /* Login.swift */ = {isa = PBXFileReference; lastKnownFileType = sourcecode.swift; path = Login.swift; sourceTree = "<group>"; };
/* End PBXFileReference section */

/* Begin PBXFrameworksBuildPhase section */
		E133E92C22DBB2DE00CAE9DD /* Frameworks */ = {
			isa = PBXFrameworksBuildPhase;
			buildActionMask = 2147483647;
			files = (
			);
			runOnlyForDeploymentPostprocessing = 0;
		};
		E133E94022DBB2E900CAE9DD /* Frameworks */ = {
			isa = PBXFrameworksBuildPhase;
			buildActionMask = 2147483647;
			files = (
			);
			runOnlyForDeploymentPostprocessing = 0;
		};
		E133E94B22DBB2E900CAE9DD /* Frameworks */ = {
			isa = PBXFrameworksBuildPhase;
			buildActionMask = 2147483647;
			files = (
			);
			runOnlyForDeploymentPostprocessing = 0;
		};
/* End PBXFrameworksBuildPhase section */

/* Begin PBXGroup section */
		E133E92622DBB2DD00CAE9DD = {
			isa = PBXGroup;
			children = (
				E133E93122DBB2DE00CAE9DD /* MediaMine */,
				E133E94622DBB2E900CAE9DD /* MediaMineTests */,
				E133E95122DBB2E900CAE9DD /* MediaMineUITests */,
				E133E93022DBB2DE00CAE9DD /* Products */,
			);
			sourceTree = "<group>";
		};
		E133E93022DBB2DE00CAE9DD /* Products */ = {
			isa = PBXGroup;
			children = (
				E133E92F22DBB2DE00CAE9DD /* MediaMine.app */,
				E133E94322DBB2E900CAE9DD /* MediaMineTests.xctest */,
				E133E94E22DBB2E900CAE9DD /* MediaMineUITests.xctest */,
			);
			name = Products;
			sourceTree = "<group>";
		};
		E133E93122DBB2DE00CAE9DD /* MediaMine */ = {
			isa = PBXGroup;
			children = (
				E133E96322DBF2E200CAE9DD /* Utils */,
				E133E93222DBB2DE00CAE9DD /* AppDelegate.swift */,
				E133E93422DBB2DE00CAE9DD /* ViewController.swift */,
				E133E93622DBB2DE00CAE9DD /* Main.storyboard */,
				E133E93922DBB2E800CAE9DD /* Assets.xcassets */,
				E133E93B22DBB2E800CAE9DD /* LaunchScreen.storyboard */,
				E133E93E22DBB2E800CAE9DD /* Info.plist */,
			);
			path = MediaMine;
			sourceTree = "<group>";
		};
		E133E94622DBB2E900CAE9DD /* MediaMineTests */ = {
			isa = PBXGroup;
			children = (
				E133E94722DBB2E900CAE9DD /* MediaMineTests.swift */,
				E133E94922DBB2E900CAE9DD /* Info.plist */,
			);
			path = MediaMineTests;
			sourceTree = "<group>";
		};
		E133E95122DBB2E900CAE9DD /* MediaMineUITests */ = {
			isa = PBXGroup;
			children = (
				E133E95222DBB2E900CAE9DD /* MediaMineUITests.swift */,
				E133E95422DBB2E900CAE9DD /* Info.plist */,
			);
			path = MediaMineUITests;
			sourceTree = "<group>";
		};
		E133E96322DBF2E200CAE9DD /* Utils */ = {
			isa = PBXGroup;
			children = (
				E133E96422DBF2FA00CAE9DD /* Register.swift */,
				E133E96622DC26B200CAE9DD /* Validator.swift */,
				E133E96A22DC37CA00CAE9DD /* Login.swift */,
			);
			path = Utils;
			sourceTree = "<group>";
		};
/* End PBXGroup section */

/* Begin PBXNativeTarget section */
		E133E92E22DBB2DE00CAE9DD /* MediaMine */ = {
			isa = PBXNativeTarget;
			buildConfigurationList = E133E95722DBB2E900CAE9DD /* Build configuration list for PBXNativeTarget "MediaMine" */;
			buildPhases = (
				E133E92B22DBB2DE00CAE9DD /* Sources */,
				E133E92C22DBB2DE00CAE9DD /* Frameworks */,
				E133E92D22DBB2DE00CAE9DD /* Resources */,
			);
			buildRules = (
			);
			dependencies = (
			);
			name = MediaMine;
			productName = MediaMine;
			productReference = E133E92F22DBB2DE00CAE9DD /* MediaMine.app */;
			productType = "com.apple.product-type.application";
		};
		E133E94222DBB2E900CAE9DD /* MediaMineTests */ = {
			isa = PBXNativeTarget;
			buildConfigurationList = E133E95A22DBB2E900CAE9DD /* Build configuration list for PBXNativeTarget "MediaMineTests" */;
			buildPhases = (
				E133E93F22DBB2E900CAE9DD /* Sources */,
				E133E94022DBB2E900CAE9DD /* Frameworks */,
				E133E94122DBB2E900CAE9DD /* Resources */,
			);
			buildRules = (
			);
			dependencies = (
				E133E94522DBB2E900CAE9DD /* PBXTargetDependency */,
			);
			name = MediaMineTests;
			productName = MediaMineTests;
			productReference = E133E94322DBB2E900CAE9DD /* MediaMineTests.xctest */;
			productType = "com.apple.product-type.bundle.unit-test";
		};
		E133E94D22DBB2E900CAE9DD /* MediaMineUITests */ = {
			isa = PBXNativeTarget;
			buildConfigurationList = E133E95D22DBB2E900CAE9DD /* Build configuration list for PBXNativeTarget "MediaMineUITests" */;
			buildPhases = (
				E133E94A22DBB2E900CAE9DD /* Sources */,
				E133E94B22DBB2E900CAE9DD /* Frameworks */,
				E133E94C22DBB2E900CAE9DD /* Resources */,
			);
			buildRules = (
			);
			dependencies = (
				E133E95022DBB2E900CAE9DD /* PBXTargetDependency */,
			);
			name = MediaMineUITests;
			productName = MediaMineUITests;
			productReference = E133E94E22DBB2E900CAE9DD /* MediaMineUITests.xctest */;
			productType = "com.apple.product-type.bundle.ui-testing";
		};
/* End PBXNativeTarget section */

/* Begin PBXProject section */
		E133E92722DBB2DE00CAE9DD /* Project object */ = {
			isa = PBXProject;
			attributes = {
				LastSwiftUpdateCheck = 1010;
				LastUpgradeCheck = 1010;
				ORGANIZATIONNAME = "OSU-CS467";
				TargetAttributes = {
					E133E92E22DBB2DE00CAE9DD = {
						CreatedOnToolsVersion = 10.1;
					};
					E133E94222DBB2E900CAE9DD = {
						CreatedOnToolsVersion = 10.1;
						TestTargetID = E133E92E22DBB2DE00CAE9DD;
					};
					E133E94D22DBB2E900CAE9DD = {
						CreatedOnToolsVersion = 10.1;
						TestTargetID = E133E92E22DBB2DE00CAE9DD;
					};
				};
			};
			buildConfigurationList = E133E92A22DBB2DE00CAE9DD /* Build configuration list for PBXProject "MediaMine" */;
			compatibilityVersion = "Xcode 9.3";
			developmentRegion = en;
			hasScannedForEncodings = 0;
			knownRegions = (
				en,
				Base,
			);
			mainGroup = E133E92622DBB2DD00CAE9DD;
			productRefGroup = E133E93022DBB2DE00CAE9DD /* Products */;
			projectDirPath = "";
			projectRoot = "";
			targets = (
				E133E92E22DBB2DE00CAE9DD /* MediaMine */,
				E133E94222DBB2E900CAE9DD /* MediaMineTests */,
				E133E94D22DBB2E900CAE9DD /* MediaMineUITests */,
			);
		};
/* End PBXProject section */

/* Begin PBXResourcesBuildPhase section */
		E133E92D22DBB2DE00CAE9DD /* Resources */ = {
			isa = PBXResourcesBuildPhase;
			buildActionMask = 2147483647;
			files = (
				E133E93D22DBB2E800CAE9DD /* LaunchScreen.storyboard in Resources */,
				E133E93A22DBB2E800CAE9DD /* Assets.xcassets in Resources */,
				E133E93822DBB2DE00CAE9DD /* Main.storyboard in Resources */,
			);
			runOnlyForDeploymentPostprocessing = 0;
		};
		E133E94122DBB2E900CAE9DD /* Resources */ = {
			isa = PBXResourcesBuildPhase;
			buildActionMask = 2147483647;
			files = (
			);
			runOnlyForDeploymentPostprocessing = 0;
		};
		E133E94C22DBB2E900CAE9DD /* Resources */ = {
			isa = PBXResourcesBuildPhase;
			buildActionMask = 2147483647;
			files = (
			);
			runOnlyForDeploymentPostprocessing = 0;
		};
/* End PBXResourcesBuildPhase section */

/* Begin PBXSourcesBuildPhase section */
		E133E92B22DBB2DE00CAE9DD /* Sources */ = {
			isa = PBXSourcesBuildPhase;
			buildActionMask = 2147483647;
			files = (
				E133E96722DC26B200CAE9DD /* Validator.swift in Sources */,
				E133E96B22DC37CA00CAE9DD /* Login.swift in Sources */,
				E133E93522DBB2DE00CAE9DD /* ViewController.swift in Sources */,
				E133E96522DBF2FA00CAE9DD /* Register.swift in Sources */,
				E133E93322DBB2DE00CAE9DD /* AppDelegate.swift in Sources */,
			);
			runOnlyForDeploymentPostprocessing = 0;
		};
		E133E93F22DBB2E900CAE9DD /* Sources */ = {
			isa = PBXSourcesBuildPhase;
			buildActionMask = 2147483647;
			files = (
				E133E94822DBB2E900CAE9DD /* MediaMineTests.swift in Sources */,
			);
			runOnlyForDeploymentPostprocessing = 0;
		};
		E133E94A22DBB2E900CAE9DD /* Sources */ = {
			isa = PBXSourcesBuildPhase;
			buildActionMask = 2147483647;
			files = (
				E133E95322DBB2E900CAE9DD /* MediaMineUITests.swift in Sources */,
			);
			runOnlyForDeploymentPostprocessing = 0;
		};
/* End PBXSourcesBuildPhase section */

/* Begin PBXTargetDependency section */
		E133E94522DBB2E900CAE9DD /* PBXTargetDependency */ = {
			isa = PBXTargetDependency;
			target = E133E92E22DBB2DE00CAE9DD /* MediaMine */;
			targetProxy = E133E94422DBB2E900CAE9DD /* PBXContainerItemProxy */;
		};
		E133E95022DBB2E900CAE9DD /* PBXTargetDependency */ = {
			isa = PBXTargetDependency;
			target = E133E92E22DBB2DE00CAE9DD /* MediaMine */;
			targetProxy = E133E94F22DBB2E900CAE9DD /* PBXContainerItemProxy */;
		};
/* End PBXTargetDependency section */

/* Begin PBXVariantGroup section */
		E133E93622DBB2DE00CAE9DD /* Main.storyboard */ = {
			isa = PBXVariantGroup;
			children = (
				E133E93722DBB2DE00CAE9DD /* Base */,
			);
			name = Main.storyboard;
			sourceTree = "<group>";
		};
		E133E93B22DBB2E800CAE9DD /* LaunchScreen.storyboard */ = {
			isa = PBXVariantGroup;
			children = (
				E133E93C22DBB2E800CAE9DD /* Base */,
			);
			name = LaunchScreen.storyboard;
			sourceTree = "<group>";
		};
/* End PBXVariantGroup section */

/* Begin XCBuildConfiguration section */
		E133E95522DBB2E900CAE9DD /* Debug */ = {
			isa = XCBuildConfiguration;
			buildSettings = {
				ALWAYS_SEARCH_USER_PATHS = NO;
				CLANG_ANALYZER_NONNULL = YES;
				CLANG_ANALYZER_NUMBER_OBJECT_CONVERSION = YES_AGGRESSIVE;
				CLANG_CXX_LANGUAGE_STANDARD = "gnu++14";
				CLANG_CXX_LIBRARY = "libc++";
				CLANG_ENABLE_MODULES = YES;
				CLANG_ENABLE_OBJC_ARC = YES;
				CLANG_ENABLE_OBJC_WEAK = YES;
				CLANG_WARN_BLOCK_CAPTURE_AUTORELEASING = YES;
				CLANG_WARN_BOOL_CONVERSION = YES;
				CLANG_WARN_COMMA = YES;
				CLANG_WARN_CONSTANT_CONVERSION = YES;
				CLANG_WARN_DEPRECATED_OBJC_IMPLEMENTATIONS = YES;
				CLANG_WARN_DIRECT_OBJC_ISA_USAGE = YES_ERROR;
				CLANG_WARN_DOCUMENTATION_COMMENTS = YES;
				CLANG_WARN_EMPTY_BODY = YES;
				CLANG_WARN_ENUM_CONVERSION = YES;
				CLANG_WARN_INFINITE_RECURSION = YES;
				CLANG_WARN_INT_CONVERSION = YES;
				CLANG_WARN_NON_LITERAL_NULL_CONVERSION = YES;
				CLANG_WARN_OBJC_IMPLICIT_RETAIN_SELF = YES;
				CLANG_WARN_OBJC_LITERAL_CONVERSION = YES;
				CLANG_WARN_OBJC_ROOT_CLASS = YES_ERROR;
				CLANG_WARN_RANGE_LOOP_ANALYSIS = YES;
				CLANG_WARN_STRICT_PROTOTYPES = YES;
				CLANG_WARN_SUSPICIOUS_MOVE = YES;
				CLANG_WARN_UNGUARDED_AVAILABILITY = YES_AGGRESSIVE;
				CLANG_WARN_UNREACHABLE_CODE = YES;
				CLANG_WARN__DUPLICATE_METHOD_MATCH = YES;
				CODE_SIGN_IDENTITY = "iPhone Developer";
				COPY_PHASE_STRIP = NO;
				DEBUG_INFORMATION_FORMAT = dwarf;
				ENABLE_STRICT_OBJC_MSGSEND = YES;
				ENABLE_TESTABILITY = YES;
				GCC_C_LANGUAGE_STANDARD = gnu11;
				GCC_DYNAMIC_NO_PIC = NO;
				GCC_NO_COMMON_BLOCKS = YES;
				GCC_OPTIMIZATION_LEVEL = 0;
				GCC_PREPROCESSOR_DEFINITIONS = (
					"DEBUG=1",
					"$(inherited)",
				);
				GCC_WARN_64_TO_32_BIT_CONVERSION = YES;
				GCC_WARN_ABOUT_RETURN_TYPE = YES_ERROR;
				GCC_WARN_UNDECLARED_SELECTOR = YES;
				GCC_WARN_UNINITIALIZED_AUTOS = YES_AGGRESSIVE;
				GCC_WARN_UNUSED_FUNCTION = YES;
				GCC_WARN_UNUSED_VARIABLE = YES;
				IPHONEOS_DEPLOYMENT_TARGET = 12.1;
				MTL_ENABLE_DEBUG_INFO = INCLUDE_SOURCE;
				MTL_FAST_MATH = YES;
				ONLY_ACTIVE_ARCH = YES;
				SDKROOT = iphoneos;
				SWIFT_ACTIVE_COMPILATION_CONDITIONS = DEBUG;
				SWIFT_OPTIMIZATION_LEVEL = "-Onone";
			};
			name = Debug;
		};
		E133E95622DBB2E900CAE9DD /* Release */ = {
			isa = XCBuildConfiguration;
			buildSettings = {
				ALWAYS_SEARCH_USER_PATHS = NO;
				CLANG_ANALYZER_NONNULL = YES;
				CLANG_ANALYZER_NUMBER_OBJECT_CONVERSION = YES_AGGRESSIVE;
				CLANG_CXX_LANGUAGE_STANDARD = "gnu++14";
				CLANG_CXX_LIBRARY = "libc++";
				CLANG_ENABLE_MODULES = YES;
				CLANG_ENABLE_OBJC_ARC = YES;
				CLANG_ENABLE_OBJC_WEAK = YES;
				CLANG_WARN_BLOCK_CAPTURE_AUTORELEASING = YES;
				CLANG_WARN_BOOL_CONVERSION = YES;
				CLANG_WARN_COMMA = YES;
				CLANG_WARN_CONSTANT_CONVERSION = YES;
				CLANG_WARN_DEPRECATED_OBJC_IMPLEMENTATIONS = YES;
				CLANG_WARN_DIRECT_OBJC_ISA_USAGE = YES_ERROR;
				CLANG_WARN_DOCUMENTATION_COMMENTS = YES;
				CLANG_WARN_EMPTY_BODY = YES;
				CLANG_WARN_ENUM_CONVERSION = YES;
				CLANG_WARN_INFINITE_RECURSION = YES;
				CLANG_WARN_INT_CONVERSION = YES;
				CLANG_WARN_NON_LITERAL_NULL_CONVERSION = YES;
				CLANG_WARN_OBJC_IMPLICIT_RETAIN_SELF = YES;
				CLANG_WARN_OBJC_LITERAL_CONVERSION = YES;
				CLANG_WARN_OBJC_ROOT_CLASS = YES_ERROR;
				CLANG_WARN_RANGE_LOOP_ANALYSIS = YES;
				CLANG_WARN_STRICT_PROTOTYPES = YES;
				CLANG_WARN_SUSPICIOUS_MOVE = YES;
				CLANG_WARN_UNGUARDED_AVAILABILITY = YES_AGGRESSIVE;
				CLANG_WARN_UNREACHABLE_CODE = YES;
				CLANG_WARN__DUPLICATE_METHOD_MATCH = YES;
				CODE_SIGN_IDENTITY = "iPhone Developer";
				COPY_PHASE_STRIP = NO;
				DEBUG_INFORMATION_FORMAT = "dwarf-with-dsym";
				ENABLE_NS_ASSERTIONS = NO;
				ENABLE_STRICT_OBJC_MSGSEND = YES;
				GCC_C_LANGUAGE_STANDARD = gnu11;
				GCC_NO_COMMON_BLOCKS = YES;
				GCC_WARN_64_TO_32_BIT_CONVERSION = YES;
				GCC_WARN_ABOUT_RETURN_TYPE = YES_ERROR;
				GCC_WARN_UNDECLARED_SELECTOR = YES;
				GCC_WARN_UNINITIALIZED_AUTOS = YES_AGGRESSIVE;
				GCC_WARN_UNUSED_FUNCTION = YES;
				GCC_WARN_UNUSED_VARIABLE = YES;
				IPHONEOS_DEPLOYMENT_TARGET = 12.1;
				MTL_ENABLE_DEBUG_INFO = NO;
				MTL_FAST_MATH = YES;
				SDKROOT = iphoneos;
				SWIFT_COMPILATION_MODE = wholemodule;
				SWIFT_OPTIMIZATION_LEVEL = "-O";
				VALIDATE_PRODUCT = YES;
			};
			name = Release;
		};
		E133E95822DBB2E900CAE9DD /* Debug */ = {
			isa = XCBuildConfiguration;
			buildSettings = {
				ASSETCATALOG_COMPILER_APPICON_NAME = AppIcon;
				CODE_SIGN_STYLE = Automatic;
				INFOPLIST_FILE = MediaMine/Info.plist;
				LD_RUNPATH_SEARCH_PATHS = (
					"$(inherited)",
					"@executable_path/Frameworks",
				);
				PRODUCT_BUNDLE_IDENTIFIER = "OSU-CS467.MediaMine";
				PRODUCT_NAME = "$(TARGET_NAME)";
				SWIFT_VERSION = 4.2;
				TARGETED_DEVICE_FAMILY = "1,2";
			};
			name = Debug;
		};
		E133E95922DBB2E900CAE9DD /* Release */ = {
			isa = XCBuildConfiguration;
			buildSettings = {
				ASSETCATALOG_COMPILER_APPICON_NAME = AppIcon;
				CODE_SIGN_STYLE = Automatic;
				INFOPLIST_FILE = MediaMine/Info.plist;
				LD_RUNPATH_SEARCH_PATHS = (
					"$(inherited)",
					"@executable_path/Frameworks",
				);
				PRODUCT_BUNDLE_IDENTIFIER = "OSU-CS467.MediaMine";
				PRODUCT_NAME = "$(TARGET_NAME)";
				SWIFT_VERSION = 4.2;
				TARGETED_DEVICE_FAMILY = "1,2";
			};
			name = Release;
		};
		E133E95B22DBB2E900CAE9DD /* Debug */ = {
			isa = XCBuildConfiguration;
			buildSettings = {
				ALWAYS_EMBED_SWIFT_STANDARD_LIBRARIES = YES;
				BUNDLE_LOADER = "$(TEST_HOST)";
				CODE_SIGN_STYLE = Automatic;
				INFOPLIST_FILE = MediaMineTests/Info.plist;
				LD_RUNPATH_SEARCH_PATHS = (
					"$(inherited)",
					"@executable_path/Frameworks",
					"@loader_path/Frameworks",
				);
				PRODUCT_BUNDLE_IDENTIFIER = "OSU-CS467.MediaMineTests";
				PRODUCT_NAME = "$(TARGET_NAME)";
				SWIFT_VERSION = 4.2;
				TARGETED_DEVICE_FAMILY = "1,2";
				TEST_HOST = "$(BUILT_PRODUCTS_DIR)/MediaMine.app/MediaMine";
			};
			name = Debug;
		};
		E133E95C22DBB2E900CAE9DD /* Release */ = {
			isa = XCBuildConfiguration;
			buildSettings = {
				ALWAYS_EMBED_SWIFT_STANDARD_LIBRARIES = YES;
				BUNDLE_LOADER = "$(TEST_HOST)";
				CODE_SIGN_STYLE = Automatic;
				INFOPLIST_FILE = MediaMineTests/Info.plist;
				LD_RUNPATH_SEARCH_PATHS = (
					"$(inherited)",
					"@executable_path/Frameworks",
					"@loader_path/Frameworks",
				);
				PRODUCT_BUNDLE_IDENTIFIER = "OSU-CS467.MediaMineTests";
				PRODUCT_NAME = "$(TARGET_NAME)";
				SWIFT_VERSION = 4.2;
				TARGETED_DEVICE_FAMILY = "1,2";
				TEST_HOST = "$(BUILT_PRODUCTS_DIR)/MediaMine.app/MediaMine";
			};
			name = Release;
		};
		E133E95E22DBB2E900CAE9DD /* Debug */ = {
			isa = XCBuildConfiguration;
			buildSettings = {
				ALWAYS_EMBED_SWIFT_STANDARD_LIBRARIES = YES;
				CODE_SIGN_STYLE = Automatic;
				INFOPLIST_FILE = MediaMineUITests/Info.plist;
				LD_RUNPATH_SEARCH_PATHS = (
					"$(inherited)",
					"@executable_path/Frameworks",
					"@loader_path/Frameworks",
				);
				PRODUCT_BUNDLE_IDENTIFIER = "OSU-CS467.MediaMineUITests";
				PRODUCT_NAME = "$(TARGET_NAME)";
				SWIFT_VERSION = 4.2;
				TARGETED_DEVICE_FAMILY = "1,2";
				TEST_TARGET_NAME = MediaMine;
			};
			name = Debug;
		};
		E133E95F22DBB2E900CAE9DD /* Release */ = {
			isa = XCBuildConfiguration;
			buildSettings = {
				ALWAYS_EMBED_SWIFT_STANDARD_LIBRARIES = YES;
				CODE_SIGN_STYLE = Automatic;
				INFOPLIST_FILE = MediaMineUITests/Info.plist;
				LD_RUNPATH_SEARCH_PATHS = (
					"$(inherited)",
					"@executable_path/Frameworks",
					"@loader_path/Frameworks",
				);
				PRODUCT_BUNDLE_IDENTIFIER = "OSU-CS467.MediaMineUITests";
				PRODUCT_NAME = "$(TARGET_NAME)";
				SWIFT_VERSION = 4.2;
				TARGETED_DEVICE_FAMILY = "1,2";
				TEST_TARGET_NAME = MediaMine;
			};
			name = Release;
		};
/* End XCBuildConfiguration section */

/* Begin XCConfigurationList section */
		E133E92A22DBB2DE00CAE9DD /* Build configuration list for PBXProject "MediaMine" */ = {
			isa = XCConfigurationList;
			buildConfigurations = (
				E133E95522DBB2E900CAE9DD /* Debug */,
				E133E95622DBB2E900CAE9DD /* Release */,
			);
			defaultConfigurationIsVisible = 0;
			defaultConfigurationName = Release;
		};
		E133E95722DBB2E900CAE9DD /* Build configuration list for PBXNativeTarget "MediaMine" */ = {
			isa = XCConfigurationList;
			buildConfigurations = (
				E133E95822DBB2E900CAE9DD /* Debug */,
				E133E95922DBB2E900CAE9DD /* Release */,
			);
			defaultConfigurationIsVisible = 0;
			defaultConfigurationName = Release;
		};
		E133E95A22DBB2E900CAE9DD /* Build configuration list for PBXNativeTarget "MediaMineTests" */ = {
			isa = XCConfigurationList;
			buildConfigurations = (
				E133E95B22DBB2E900CAE9DD /* Debug */,
				E133E95C22DBB2E900CAE9DD /* Release */,
			);
			defaultConfigurationIsVisible = 0;
			defaultConfigurationName = Release;
		};
		E133E95D22DBB2E900CAE9DD /* Build configuration list for PBXNativeTarget "MediaMineUITests" */ = {
			isa = XCConfigurationList;
			buildConfigurations = (
				E133E95E22DBB2E900CAE9DD /* Debug */,
				E133E95F22DBB2E900CAE9DD /* Release */,
			);
			defaultConfigurationIsVisible = 0;
			defaultConfigurationName = Release;
		};
/* End XCConfigurationList section */
	};
	rootObject = E133E92722DBB2DE00CAE9DD /* Project object */;
}
